
Microsoft Visual Studio Solution File, Format Version 12.00
# Visual Studio Version 17
VisualStudioVersion = 17.0.31903.59
MinimumVisualStudioVersion = 10.0.40219.1
Project("{2150E333-8FDC-42A3-9474-1A3956D46DE8}") = "src", "src", "{02AEBC80-02B7-488A-9CAA-31EEB5C589AE}"
EndProject
Project("{FAE04EC0-301F-11D3-BF4B-00C04F79EFBC}") = "DotRas", "src\DotRas\DotRas.csproj", "{37D8F838-190B-49A8-8BDF-67D89D89A8C1}"
EndProject
Project("{FAE04EC0-301F-11D3-BF4B-00C04F79EFBC}") = "DotRas.Tests", "src\DotRas.Tests\DotRas.Tests.csproj", "{558AE700-7D98-42A9-8520-B0D541A905D1}"
EndProject
Project("{2150E333-8FDC-42A3-9474-1A3956D46DE8}") = "examples", "examples", "{488408BA-CA9D-4126-A5FC-13893BE18E1E}"
EndProject
Project("{FAE04EC0-301F-11D3-BF4B-00C04F79EFBC}") = "DialConnection", "examples\DialConnection\DialConnection.csproj", "{5906F85F-85CF-4047-AB62-49396AA5CB1B}"
EndProject
Project("{FAE04EC0-301F-11D3-BF4B-00C04F79EFBC}") = "DialConnectionAndWatchForDisconnect", "examples\DialConnectionAndWatchForDisconnect\DialConnectionAndWatchForDisconnect.csproj", "{C8BC9322-8FE6-4C4E-BA3E-C6D242BDAB31}"
EndProject
Project("{FAE04EC0-301F-11D3-BF4B-00C04F79EFBC}") = "DialConnectionAsynchronously", "examples\DialConnectionAsynchronously\DialConnectionAsynchronously.csproj", "{B492DC66-E472-4D3E-A4E6-5E0B2F58066B}"
EndProject
Project("{FAE04EC0-301F-11D3-BF4B-00C04F79EFBC}") = "WatchConnectionsForChanges", "examples\WatchConnectionsForChanges\WatchConnectionsForChanges.csproj", "{67D1673C-AFAE-4C93-8961-8E8C70070523}"
EndProject
Project("{2150E333-8FDC-42A3-9474-1A3956D46DE8}") = "tools", "tools", "{6E6A4046-ADC1-4CB0-97F1-09F7CC504F7A}"
EndProject
Project("{FAE04EC0-301F-11D3-BF4B-00C04F79EFBC}") = "ConsoleRunner", "tools\ConsoleRunner\ConsoleRunner.csproj", "{6242AD69-E10C-4D69-A79F-02980F53ECD1}"
EndProject
Global
	GlobalSection(SolutionConfigurationPlatforms) = preSolution
		Debug|Any CPU = Debug|Any CPU
		Release|Any CPU = Release|Any CPU
	EndGlobalSection
	GlobalSection(SolutionProperties) = preSolution
		HideSolutionNode = FALSE
	EndGlobalSection
	GlobalSection(ProjectConfigurationPlatforms) = postSolution
		{37D8F838-190B-49A8-8BDF-67D89D89A8C1}.Debug|Any CPU.ActiveCfg = Debug|Any CPU
		{37D8F838-190B-49A8-8BDF-67D89D89A8C1}.Debug|Any CPU.Build.0 = Debug|Any CPU
		{37D8F838-190B-49A8-8BDF-67D89D89A8C1}.Release|Any CPU.ActiveCfg = Release|Any CPU
		{37D8F838-190B-49A8-8BDF-67D89D89A8C1}.Release|Any CPU.Build.0 = Release|Any CPU
		{558AE700-7D98-42A9-8520-B0D541A905D1}.Debug|Any CPU.ActiveCfg = Debug|Any CPU
		{558AE700-7D98-42A9-8520-B0D541A905D1}.Debug|Any CPU.Build.0 = Debug|Any CPU
		{558AE700-7D98-42A9-8520-B0D541A905D1}.Release|Any CPU.ActiveCfg = Release|Any CPU
		{558AE700-7D98-42A9-8520-B0D541A905D1}.Release|Any CPU.Build.0 = Release|Any CPU
		{5906F85F-85CF-4047-AB62-49396AA5CB1B}.Debug|Any CPU.ActiveCfg = Debug|Any CPU
		{5906F85F-85CF-4047-AB62-49396AA5CB1B}.Debug|Any CPU.Build.0 = Debug|Any CPU
		{5906F85F-85CF-4047-AB62-49396AA5CB1B}.Release|Any CPU.ActiveCfg = Release|Any CPU
		{5906F85F-85CF-4047-AB62-49396AA5CB1B}.Release|Any CPU.Build.0 = Release|Any CPU
		{C8BC9322-8FE6-4C4E-BA3E-C6D242BDAB31}.Debug|Any CPU.ActiveCfg = Debug|Any CPU
		{C8BC9322-8FE6-4C4E-BA3E-C6D242BDAB31}.Debug|Any CPU.Build.0 = Debug|Any CPU
		{C8BC9322-8FE6-4C4E-BA3E-C6D242BDAB31}.Release|Any CPU.ActiveCfg = Release|Any CPU
		{C8BC9322-8FE6-4C4E-BA3E-C6D242BDAB31}.Release|Any CPU.Build.0 = Release|Any CPU
		{B492DC66-E472-4D3E-A4E6-5E0B2F58066B}.Debug|Any CPU.ActiveCfg = Debug|Any CPU
		{B492DC66-E472-4D3E-A4E6-5E0B2F58066B}.Debug|Any CPU.Build.0 = Debug|Any CPU
		{B492DC66-E472-4D3E-A4E6-5E0B2F58066B}.Release|Any CPU.ActiveCfg = Release|Any CPU
		{B492DC66-E472-4D3E-A4E6-5E0B2F58066B}.Release|Any CPU.Build.0 = Release|Any CPU
		{67D1673C-AFAE-4C93-8961-8E8C70070523}.Debug|Any CPU.ActiveCfg = Debug|Any CPU
		{67D1673C-AFAE-4C93-8961-8E8C70070523}.Debug|Any CPU.Build.0 = Debug|Any CPU
		{67D1673C-AFAE-4C93-8961-8E8C70070523}.Release|Any CPU.ActiveCfg = Release|Any CPU
		{67D1673C-AFAE-4C93-8961-8E8C70070523}.Release|Any CPU.Build.0 = Release|Any CPU
		{6242AD69-E10C-4D69-A79F-02980F53ECD1}.Debug|Any CPU.ActiveCfg = Debug|Any CPU
		{6242AD69-E10C-4D69-A79F-02980F53ECD1}.Debug|Any CPU.Build.0 = Debug|Any CPU
		{6242AD69-E10C-4D69-A79F-02980F53ECD1}.Release|Any CPU.ActiveCfg = Release|Any CPU
		{6242AD69-E10C-4D69-A79F-02980F53ECD1}.Release|Any CPU.Build.0 = Release|Any CPU
	EndGlobalSection
	GlobalSection(NestedProjects) = preSolution
		{37D8F838-190B-49A8-8BDF-67D89D89A8C1} = {02AEBC80-02B7-488A-9CAA-31EEB5C589AE}
		{558AE700-7D98-42A9-8520-B0D541A905D1} = {02AEBC80-02B7-488A-9CAA-31EEB5C589AE}
		{5906F85F-85CF-4047-AB62-49396AA5CB1B} = {488408BA-CA9D-4126-A5FC-13893BE18E1E}
		{C8BC9322-8FE6-4C4E-BA3E-C6D242BDAB31} = {488408BA-CA9D-4126-A5FC-13893BE18E1E}
		{B492DC66-E472-4D3E-A4E6-5E0B2F58066B} = {488408BA-CA9D-4126-A5FC-13893BE18E1E}
		{67D1673C-AFAE-4C93-8961-8E8C70070523} = {488408BA-CA9D-4126-A5FC-13893BE18E1E}
		{6242AD69-E10C-4D69-A79F-02980F53ECD1} = {6E6A4046-ADC1-4CB0-97F1-09F7CC504F7A}
	EndGlobalSection
EndGlobal
